
Microsoft Visual Studio Solution File, Format Version 12.00
# Visual Studio Version 17
VisualStudioVersion = 17.5.33516.290
MinimumVisualStudioVersion = 10.0.40219.1
Project("{9A19103F-16F7-4668-BE54-9A1E7A4F7556}") = "DataLayer", "DataLayer\DataLayer.csproj", "{D7A36F7B-150A-49CF-86C3-C02879A35D2B}"
EndProject
Project("{9A19103F-16F7-4668-BE54-9A1E7A4F7556}") = "DataLayer.Tests", "DataLayer.Tests\DataLayer.Tests.csproj", "{9DF87E5E-A891-4376-872D-06C8416B977A}"
EndProject
Project("{9A19103F-16F7-4668-BE54-9A1E7A4F7556}") = "WebService", "WebService\WebService.csproj", "{61413FF5-17D7-4B54-8E83-8621A6464DB6}"
EndProject
Project("{9A19103F-16F7-4668-BE54-9A1E7A4F7556}") = "WebService.Tests", "WebService.Tests\WebService.Tests.csproj", "{297A3518-1A32-4D63-9552-CD49A30FC66D}"
EndProject
Global
	GlobalSection(SolutionConfigurationPlatforms) = preSolution
		Debug|Any CPU = Debug|Any CPU
		Release|Any CPU = Release|Any CPU
	EndGlobalSection
	GlobalSection(ProjectConfigurationPlatforms) = postSolution
		{D7A36F7B-150A-49CF-86C3-C02879A35D2B}.Debug|Any CPU.ActiveCfg = Debug|Any CPU
		{D7A36F7B-150A-49CF-86C3-C02879A35D2B}.Debug|Any CPU.Build.0 = Debug|Any CPU
		{D7A36F7B-150A-49CF-86C3-C02879A35D2B}.Release|Any CPU.ActiveCfg = Release|Any CPU
		{D7A36F7B-150A-49CF-86C3-C02879A35D2B}.Release|Any CPU.Build.0 = Release|Any CPU
		{9DF87E5E-A891-4376-872D-06C8416B977A}.Debug|Any CPU.ActiveCfg = Debug|Any CPU
		{9DF87E5E-A891-4376-872D-06C8416B977A}.Debug|Any CPU.Build.0 = Debug|Any CPU
		{9DF87E5E-A891-4376-872D-06C8416B977A}.Release|Any CPU.ActiveCfg = Release|Any CPU
		{9DF87E5E-A891-4376-872D-06C8416B977A}.Release|Any CPU.Build.0 = Release|Any CPU
		{61413FF5-17D7-4B54-8E83-8621A6464DB6}.Debug|Any CPU.ActiveCfg = Debug|Any CPU
		{61413FF5-17D7-4B54-8E83-8621A6464DB6}.Debug|Any CPU.Build.0 = Debug|Any CPU
		{61413FF5-17D7-4B54-8E83-8621A6464DB6}.Release|Any CPU.ActiveCfg = Release|Any CPU
		{61413FF5-17D7-4B54-8E83-8621A6464DB6}.Release|Any CPU.Build.0 = Release|Any CPU
		{297A3518-1A32-4D63-9552-CD49A30FC66D}.Debug|Any CPU.ActiveCfg = Debug|Any CPU
		{297A3518-1A32-4D63-9552-CD49A30FC66D}.Debug|Any CPU.Build.0 = Debug|Any CPU
		{297A3518-1A32-4D63-9552-CD49A30FC66D}.Release|Any CPU.ActiveCfg = Release|Any CPU
		{297A3518-1A32-4D63-9552-CD49A30FC66D}.Release|Any CPU.Build.0 = Release|Any CPU
	EndGlobalSection
	GlobalSection(SolutionProperties) = preSolution
		HideSolutionNode = FALSE
	EndGlobalSection
	GlobalSection(ExtensibilityGlobals) = postSolution
		SolutionGuid = {5D9A1867-E429-4BA1-9309-EDBC51581847}
	EndGlobalSection
EndGlobal
